
Microsoft Visual Studio Solution File, Format Version 12.00
# Visual Studio Version 17
VisualStudioVersion = 17.4.33213.308
MinimumVisualStudioVersion = 10.0.40219.1
Project("{FAE04EC0-301F-11D3-BF4B-00C04F79EFBC}") = "WebPageToPdfV2", "WebPageToPdfV2\WebPageToPdfV2.csproj", "{E66A5A7C-02D0-47C8-A362-88AFAA21394C}"
EndProject
Global
	GlobalSection(SolutionConfigurationPlatforms) = preSolution
		Debug|Any CPU = Debug|Any CPU
		Debug|x64 = Debug|x64
		Release|Any CPU = Release|Any CPU
		Release|x64 = Release|x64
	EndGlobalSection
	GlobalSection(ProjectConfigurationPlatforms) = postSolution
		{E66A5A7C-02D0-47C8-A362-88AFAA21394C}.Debug|Any CPU.ActiveCfg = Debug|Any CPU
		{E66A5A7C-02D0-47C8-A362-88AFAA21394C}.Debug|Any CPU.Build.0 = Debug|Any CPU
		{E66A5A7C-02D0-47C8-A362-88AFAA21394C}.Debug|x64.ActiveCfg = Debug|x64
		{E66A5A7C-02D0-47C8-A362-88AFAA21394C}.Debug|x64.Build.0 = Debug|x64
		{E66A5A7C-02D0-47C8-A362-88AFAA21394C}.Release|Any CPU.ActiveCfg = Release|Any CPU
		{E66A5A7C-02D0-47C8-A362-88AFAA21394C}.Release|Any CPU.Build.0 = Release|Any CPU
		{E66A5A7C-02D0-47C8-A362-88AFAA21394C}.Release|x64.ActiveCfg = Release|Any CPU
		{E66A5A7C-02D0-47C8-A362-88AFAA21394C}.Release|x64.Build.0 = Release|Any CPU
	EndGlobalSection
	GlobalSection(SolutionProperties) = preSolution
		HideSolutionNode = FALSE
	EndGlobalSection
	GlobalSection(ExtensibilityGlobals) = postSolution
		SolutionGuid = {E89D3494-7B45-4F7D-9510-B7B1102DEE6F}
	EndGlobalSection
EndGlobal
